
Microsoft Visual Studio Solution File, Format Version 12.00
# Visual Studio Version 17
VisualStudioVersion = 17.13.35825.156 d17.13
MinimumVisualStudioVersion = 10.0.40219.1
Project("{FAE04EC0-301F-11D3-BF4B-00C04F79EFBC}") = "AnimalLib", "AnimalLib.csproj", "{89BE91FF-AE62-400E-BE58-7400A02F0DE5}"
EndProject
Project("{FAE04EC0-301F-11D3-BF4B-00C04F79EFBC}") = "AnimalLibTests", "..\AnimalLibTests\AnimalLibTests.csproj", "{A70B623E-E5AB-4CAB-B0AB-71CB61E8B70D}"
EndProject
Global
	GlobalSection(SolutionConfigurationPlatforms) = preSolution
		Debug|Any CPU = Debug|Any CPU
		Release|Any CPU = Release|Any CPU
	EndGlobalSection
	GlobalSection(ProjectConfigurationPlatforms) = postSolution
		{89BE91FF-AE62-400E-BE58-7400A02F0DE5}.Debug|Any CPU.ActiveCfg = Debug|Any CPU
		{89BE91FF-AE62-400E-BE58-7400A02F0DE5}.Debug|Any CPU.Build.0 = Debug|Any CPU
		{89BE91FF-AE62-400E-BE58-7400A02F0DE5}.Release|Any CPU.ActiveCfg = Release|Any CPU
		{89BE91FF-AE62-400E-BE58-7400A02F0DE5}.Release|Any CPU.Build.0 = Release|Any CPU
		{A70B623E-E5AB-4CAB-B0AB-71CB61E8B70D}.Debug|Any CPU.ActiveCfg = Debug|Any CPU
		{A70B623E-E5AB-4CAB-B0AB-71CB61E8B70D}.Debug|Any CPU.Build.0 = Debug|Any CPU
		{A70B623E-E5AB-4CAB-B0AB-71CB61E8B70D}.Release|Any CPU.ActiveCfg = Release|Any CPU
		{A70B623E-E5AB-4CAB-B0AB-71CB61E8B70D}.Release|Any CPU.Build.0 = Release|Any CPU
	EndGlobalSection
	GlobalSection(SolutionProperties) = preSolution
		HideSolutionNode = FALSE
	EndGlobalSection
	GlobalSection(ExtensibilityGlobals) = postSolution
		SolutionGuid = {FE2CBABC-7EE1-4311-9205-A92BF289C2AB}
	EndGlobalSection
EndGlobal
