
Microsoft Visual Studio Solution File, Format Version 12.00
# Visual Studio Version 17
VisualStudioVersion = 17.13.35825.156
MinimumVisualStudioVersion = 10.0.40219.1
Project("{FAE04EC0-301F-11D3-BF4B-00C04F79EFBC}") = "StoreBaeltTicketLibrary", "StoreBaeltTicketLibrary.csproj", "{11981AEE-0BBC-46AE-8DF5-B97FB0943321}"
EndProject
Project("{FAE04EC0-301F-11D3-BF4B-00C04F79EFBC}") = "StoreBaeltTicketLibraryTests", "..\StoreBaeltTicketLibraryTests\StoreBaeltTicketLibraryTests.csproj", "{C665D91E-B0EF-46ED-9501-6BB11DFC2BCA}"
EndProject
Global
	GlobalSection(SolutionConfigurationPlatforms) = preSolution
		Debug|Any CPU = Debug|Any CPU
		Release|Any CPU = Release|Any CPU
	EndGlobalSection
	GlobalSection(ProjectConfigurationPlatforms) = postSolution
		{11981AEE-0BBC-46AE-8DF5-B97FB0943321}.Debug|Any CPU.ActiveCfg = Debug|Any CPU
		{11981AEE-0BBC-46AE-8DF5-B97FB0943321}.Debug|Any CPU.Build.0 = Debug|Any CPU
		{11981AEE-0BBC-46AE-8DF5-B97FB0943321}.Release|Any CPU.ActiveCfg = Release|Any CPU
		{11981AEE-0BBC-46AE-8DF5-B97FB0943321}.Release|Any CPU.Build.0 = Release|Any CPU
		{C665D91E-B0EF-46ED-9501-6BB11DFC2BCA}.Debug|Any CPU.ActiveCfg = Debug|Any CPU
		{C665D91E-B0EF-46ED-9501-6BB11DFC2BCA}.Debug|Any CPU.Build.0 = Debug|Any CPU
		{C665D91E-B0EF-46ED-9501-6BB11DFC2BCA}.Release|Any CPU.ActiveCfg = Release|Any CPU
		{C665D91E-B0EF-46ED-9501-6BB11DFC2BCA}.Release|Any CPU.Build.0 = Release|Any CPU
	EndGlobalSection
	GlobalSection(SolutionProperties) = preSolution
		HideSolutionNode = FALSE
	EndGlobalSection
	GlobalSection(ExtensibilityGlobals) = postSolution
		SolutionGuid = {99C59C41-6571-44AD-B1CB-36BB139C0094}
	EndGlobalSection
EndGlobal
