
Microsoft Visual Studio Solution File, Format Version 12.00
# Visual Studio Version 17
VisualStudioVersion = 17.9.34622.214
MinimumVisualStudioVersion = 10.0.40219.1
Project("{FAE04EC0-301F-11D3-BF4B-00C04F79EFBC}") = "LevinskyProtocolEcho", "LevinskyProtocolEcho\LevinskyProtocolEcho.csproj", "{59E8E391-5511-405C-8651-75C5BF95CA37}"
EndProject
Global
	GlobalSection(SolutionConfigurationPlatforms) = preSolution
		Debug|Any CPU = Debug|Any CPU
		Release|Any CPU = Release|Any CPU
	EndGlobalSection
	GlobalSection(ProjectConfigurationPlatforms) = postSolution
		{59E8E391-5511-405C-8651-75C5BF95CA37}.Debug|Any CPU.ActiveCfg = Debug|Any CPU
		{59E8E391-5511-405C-8651-75C5BF95CA37}.Debug|Any CPU.Build.0 = Debug|Any CPU
		{59E8E391-5511-405C-8651-75C5BF95CA37}.Release|Any CPU.ActiveCfg = Release|Any CPU
		{59E8E391-5511-405C-8651-75C5BF95CA37}.Release|Any CPU.Build.0 = Release|Any CPU
	EndGlobalSection
	GlobalSection(SolutionProperties) = preSolution
		HideSolutionNode = FALSE
	EndGlobalSection
	GlobalSection(ExtensibilityGlobals) = postSolution
		SolutionGuid = {7B0F587C-386B-4636-BF38-ACABD536CD72}
	EndGlobalSection
EndGlobal
